
Microsoft Visual Studio Solution File, Format Version 12.00
# Visual Studio Version 16
VisualStudioVersion = 16.0.31424.327
MinimumVisualStudioVersion = 10.0.40219.1
Project("{2150E333-8FDC-42A3-9474-1A3956D46DE8}") = "Services", "Services", "{B07076AE-4098-4049-910E-CE1BA371F3AD}"
EndProject
Project("{2150E333-8FDC-42A3-9474-1A3956D46DE8}") = "Catalog", "Catalog", "{4930BCFA-1547-4A50-B8DC-EB72CB9DC46B}"
EndProject
Project("{9A19103F-16F7-4668-BE54-9A1E7A4F7556}") = "FreeCourse.Services.Catalog", "Services\Catalog\FreeCourse.Services.Catalog\FreeCourse.Services.Catalog.csproj", "{508F8ABC-0FE5-4CF0-9DEE-9085BFCA3EE2}"
EndProject
Project("{2150E333-8FDC-42A3-9474-1A3956D46DE8}") = "Solution Items", "Solution Items", "{9FFFEF1B-39A0-492A-84B3-7082ACA1B78A}"
	ProjectSection(SolutionItems) = preProject
		Ports.txt = Ports.txt
	EndProjectSection
EndProject
Project("{2150E333-8FDC-42A3-9474-1A3956D46DE8}") = "Shared", "Shared", "{3F85C0F8-BB3C-4BAD-94D9-DD86B79CFE0B}"
EndProject
Project("{9A19103F-16F7-4668-BE54-9A1E7A4F7556}") = "FreeCourse.Shared", "Shared\FreeCourse.Shared\FreeCourse.Shared.csproj", "{0882E192-B68F-4F85-AB88-A489CB29495B}"
EndProject
Project("{2150E333-8FDC-42A3-9474-1A3956D46DE8}") = "IdentityServer", "IdentityServer", "{A387F2D7-1F20-46E2-A70D-CBCEAFAC6E4F}"
EndProject
Project("{9A19103F-16F7-4668-BE54-9A1E7A4F7556}") = "FreeCourse.IdentityServer", "IdentityServer\FreeCourse.IdentityServer\FreeCourse.IdentityServer.csproj", "{F3A7315E-58AF-462F-8AB5-0B4746A64693}"
EndProject
Project("{2150E333-8FDC-42A3-9474-1A3956D46DE8}") = "PhotoStock", "PhotoStock", "{D9710FD0-BD23-4532-982A-95A22361CD3F}"
EndProject
Project("{9A19103F-16F7-4668-BE54-9A1E7A4F7556}") = "FreeCourse.Services.PhotoStock", "Services\PhotoStock\FreeCourse.Services.PhotoStock\FreeCourse.Services.PhotoStock.csproj", "{E31E5D34-32C3-4E3B-A293-7755F887802A}"
EndProject
Project("{2150E333-8FDC-42A3-9474-1A3956D46DE8}") = "Basket", "Basket", "{9221A674-AA21-499D-A94B-A084A114A1B2}"
EndProject
Project("{9A19103F-16F7-4668-BE54-9A1E7A4F7556}") = "FreeCourse.Services.Basket", "Services\Basket\FreeCourse.Services.Basket\FreeCourse.Services.Basket.csproj", "{EB53548B-2937-400C-9C7D-99C8D3FA9E0A}"
EndProject
Project("{2150E333-8FDC-42A3-9474-1A3956D46DE8}") = "Discount", "Discount", "{D91BEA3D-821E-4E43-8C41-043A6C08CA45}"
EndProject
Project("{9A19103F-16F7-4668-BE54-9A1E7A4F7556}") = "FreeCourse.Services.Discount", "Services\Discount\FreeCourse.Services.Discount\FreeCourse.Services.Discount.csproj", "{8F458157-DE89-4AE3-BEEF-DBEAD4E56C45}"
EndProject
Project("{2150E333-8FDC-42A3-9474-1A3956D46DE8}") = "Order", "Order", "{27FF31B0-062D-462B-82D8-EF260028619B}"
EndProject
Project("{9A19103F-16F7-4668-BE54-9A1E7A4F7556}") = "FreeCourse.Services.Order.API", "Services\Order\FreeCourse.Services.Order.API\FreeCourse.Services.Order.API.csproj", "{CCD2C0D7-2BE5-4055-92BA-92B1E2483233}"
EndProject
Project("{9A19103F-16F7-4668-BE54-9A1E7A4F7556}") = "FreeCourse.Services.Order.Application", "Services\Order\FreeCourse.Services.Order.Application\FreeCourse.Services.Order.Application.csproj", "{5AC723C3-6FA8-4231-8BF2-D0C1FCD2E953}"
EndProject
Project("{9A19103F-16F7-4668-BE54-9A1E7A4F7556}") = "FreeCourse.Services.Order.Domain", "Services\Order\FreeCourse.Services.Order.Domain\FreeCourse.Services.Order.Domain.csproj", "{1E9156E2-6913-43CD-A49F-077CA7E49958}"
EndProject
Project("{9A19103F-16F7-4668-BE54-9A1E7A4F7556}") = "FreeCourse.Services.Order.Domain.Core", "Services\Order\FreeCourse.Services.Order.Domain.Core\FreeCourse.Services.Order.Domain.Core.csproj", "{9C1C2B88-3820-4F77-AE42-0CC637BBA638}"
EndProject
Project("{9A19103F-16F7-4668-BE54-9A1E7A4F7556}") = "FreeCourse.Services.Order.Infrastructure", "Services\Order\FreeCourse.Services.Order.Infrastructure\FreeCourse.Services.Order.Infrastructure.csproj", "{42B62458-3F32-47A1-9613-8CBA58E97133}"
EndProject
Project("{2150E333-8FDC-42A3-9474-1A3956D46DE8}") = "FakePayment", "FakePayment", "{84BF3BE1-4DEA-46EA-9034-416E2516B025}"
EndProject
Project("{FAE04EC0-301F-11D3-BF4B-00C04F79EFBC}") = "FreeCourse.Services.FakePayment", "Services\FakePayment\FreeCourse.Services.FakePayment\FreeCourse.Services.FakePayment.csproj", "{0D36A5A6-9A8F-4ED5-8D0D-3A094FD98F95}"
EndProject
Project("{2150E333-8FDC-42A3-9474-1A3956D46DE8}") = "Gateways", "Gateways", "{ACE48E38-7B09-4521-9822-A3464131D4CB}"
EndProject
Project("{FAE04EC0-301F-11D3-BF4B-00C04F79EFBC}") = "FreeCourse.Gateway", "Gateway\FreeCourse.Gateway\FreeCourse.Gateway.csproj", "{E495A01D-8A8C-4E59-A83E-CF6D3FEE262B}"
EndProject
Global
	GlobalSection(SolutionConfigurationPlatforms) = preSolution
		Debug|Any CPU = Debug|Any CPU
		Release|Any CPU = Release|Any CPU
	EndGlobalSection
	GlobalSection(ProjectConfigurationPlatforms) = postSolution
		{508F8ABC-0FE5-4CF0-9DEE-9085BFCA3EE2}.Debug|Any CPU.ActiveCfg = Debug|Any CPU
		{508F8ABC-0FE5-4CF0-9DEE-9085BFCA3EE2}.Debug|Any CPU.Build.0 = Debug|Any CPU
		{508F8ABC-0FE5-4CF0-9DEE-9085BFCA3EE2}.Release|Any CPU.ActiveCfg = Release|Any CPU
		{508F8ABC-0FE5-4CF0-9DEE-9085BFCA3EE2}.Release|Any CPU.Build.0 = Release|Any CPU
		{0882E192-B68F-4F85-AB88-A489CB29495B}.Debug|Any CPU.ActiveCfg = Debug|Any CPU
		{0882E192-B68F-4F85-AB88-A489CB29495B}.Debug|Any CPU.Build.0 = Debug|Any CPU
		{0882E192-B68F-4F85-AB88-A489CB29495B}.Release|Any CPU.ActiveCfg = Release|Any CPU
		{0882E192-B68F-4F85-AB88-A489CB29495B}.Release|Any CPU.Build.0 = Release|Any CPU
		{F3A7315E-58AF-462F-8AB5-0B4746A64693}.Debug|Any CPU.ActiveCfg = Debug|Any CPU
		{F3A7315E-58AF-462F-8AB5-0B4746A64693}.Debug|Any CPU.Build.0 = Debug|Any CPU
		{F3A7315E-58AF-462F-8AB5-0B4746A64693}.Release|Any CPU.ActiveCfg = Release|Any CPU
		{F3A7315E-58AF-462F-8AB5-0B4746A64693}.Release|Any CPU.Build.0 = Release|Any CPU
		{E31E5D34-32C3-4E3B-A293-7755F887802A}.Debug|Any CPU.ActiveCfg = Debug|Any CPU
		{E31E5D34-32C3-4E3B-A293-7755F887802A}.Debug|Any CPU.Build.0 = Debug|Any CPU
		{E31E5D34-32C3-4E3B-A293-7755F887802A}.Release|Any CPU.ActiveCfg = Release|Any CPU
		{E31E5D34-32C3-4E3B-A293-7755F887802A}.Release|Any CPU.Build.0 = Release|Any CPU
		{EB53548B-2937-400C-9C7D-99C8D3FA9E0A}.Debug|Any CPU.ActiveCfg = Debug|Any CPU
		{EB53548B-2937-400C-9C7D-99C8D3FA9E0A}.Debug|Any CPU.Build.0 = Debug|Any CPU
		{EB53548B-2937-400C-9C7D-99C8D3FA9E0A}.Release|Any CPU.ActiveCfg = Release|Any CPU
		{EB53548B-2937-400C-9C7D-99C8D3FA9E0A}.Release|Any CPU.Build.0 = Release|Any CPU
		{8F458157-DE89-4AE3-BEEF-DBEAD4E56C45}.Debug|Any CPU.ActiveCfg = Debug|Any CPU
		{8F458157-DE89-4AE3-BEEF-DBEAD4E56C45}.Debug|Any CPU.Build.0 = Debug|Any CPU
		{8F458157-DE89-4AE3-BEEF-DBEAD4E56C45}.Release|Any CPU.ActiveCfg = Release|Any CPU
		{8F458157-DE89-4AE3-BEEF-DBEAD4E56C45}.Release|Any CPU.Build.0 = Release|Any CPU
		{CCD2C0D7-2BE5-4055-92BA-92B1E2483233}.Debug|Any CPU.ActiveCfg = Debug|Any CPU
		{CCD2C0D7-2BE5-4055-92BA-92B1E2483233}.Debug|Any CPU.Build.0 = Debug|Any CPU
		{CCD2C0D7-2BE5-4055-92BA-92B1E2483233}.Release|Any CPU.ActiveCfg = Release|Any CPU
		{CCD2C0D7-2BE5-4055-92BA-92B1E2483233}.Release|Any CPU.Build.0 = Release|Any CPU
		{5AC723C3-6FA8-4231-8BF2-D0C1FCD2E953}.Debug|Any CPU.ActiveCfg = Debug|Any CPU
		{5AC723C3-6FA8-4231-8BF2-D0C1FCD2E953}.Debug|Any CPU.Build.0 = Debug|Any CPU
		{5AC723C3-6FA8-4231-8BF2-D0C1FCD2E953}.Release|Any CPU.ActiveCfg = Release|Any CPU
		{5AC723C3-6FA8-4231-8BF2-D0C1FCD2E953}.Release|Any CPU.Build.0 = Release|Any CPU
		{1E9156E2-6913-43CD-A49F-077CA7E49958}.Debug|Any CPU.ActiveCfg = Debug|Any CPU
		{1E9156E2-6913-43CD-A49F-077CA7E49958}.Debug|Any CPU.Build.0 = Debug|Any CPU
		{1E9156E2-6913-43CD-A49F-077CA7E49958}.Release|Any CPU.ActiveCfg = Release|Any CPU
		{1E9156E2-6913-43CD-A49F-077CA7E49958}.Release|Any CPU.Build.0 = Release|Any CPU
		{9C1C2B88-3820-4F77-AE42-0CC637BBA638}.Debug|Any CPU.ActiveCfg = Debug|Any CPU
		{9C1C2B88-3820-4F77-AE42-0CC637BBA638}.Debug|Any CPU.Build.0 = Debug|Any CPU
		{9C1C2B88-3820-4F77-AE42-0CC637BBA638}.Release|Any CPU.ActiveCfg = Release|Any CPU
		{9C1C2B88-3820-4F77-AE42-0CC637BBA638}.Release|Any CPU.Build.0 = Release|Any CPU
		{42B62458-3F32-47A1-9613-8CBA58E97133}.Debug|Any CPU.ActiveCfg = Debug|Any CPU
		{42B62458-3F32-47A1-9613-8CBA58E97133}.Debug|Any CPU.Build.0 = Debug|Any CPU
		{42B62458-3F32-47A1-9613-8CBA58E97133}.Release|Any CPU.ActiveCfg = Release|Any CPU
		{42B62458-3F32-47A1-9613-8CBA58E97133}.Release|Any CPU.Build.0 = Release|Any CPU
		{0D36A5A6-9A8F-4ED5-8D0D-3A094FD98F95}.Debug|Any CPU.ActiveCfg = Debug|Any CPU
		{0D36A5A6-9A8F-4ED5-8D0D-3A094FD98F95}.Debug|Any CPU.Build.0 = Debug|Any CPU
		{0D36A5A6-9A8F-4ED5-8D0D-3A094FD98F95}.Release|Any CPU.ActiveCfg = Release|Any CPU
		{0D36A5A6-9A8F-4ED5-8D0D-3A094FD98F95}.Release|Any CPU.Build.0 = Release|Any CPU
		{E495A01D-8A8C-4E59-A83E-CF6D3FEE262B}.Debug|Any CPU.ActiveCfg = Debug|Any CPU
		{E495A01D-8A8C-4E59-A83E-CF6D3FEE262B}.Debug|Any CPU.Build.0 = Debug|Any CPU
		{E495A01D-8A8C-4E59-A83E-CF6D3FEE262B}.Release|Any CPU.ActiveCfg = Release|Any CPU
		{E495A01D-8A8C-4E59-A83E-CF6D3FEE262B}.Release|Any CPU.Build.0 = Release|Any CPU
	EndGlobalSection
	GlobalSection(SolutionProperties) = preSolution
		HideSolutionNode = FALSE
	EndGlobalSection
	GlobalSection(NestedProjects) = preSolution
		{4930BCFA-1547-4A50-B8DC-EB72CB9DC46B} = {B07076AE-4098-4049-910E-CE1BA371F3AD}
		{508F8ABC-0FE5-4CF0-9DEE-9085BFCA3EE2} = {4930BCFA-1547-4A50-B8DC-EB72CB9DC46B}
		{0882E192-B68F-4F85-AB88-A489CB29495B} = {3F85C0F8-BB3C-4BAD-94D9-DD86B79CFE0B}
		{F3A7315E-58AF-462F-8AB5-0B4746A64693} = {A387F2D7-1F20-46E2-A70D-CBCEAFAC6E4F}
		{D9710FD0-BD23-4532-982A-95A22361CD3F} = {B07076AE-4098-4049-910E-CE1BA371F3AD}
		{E31E5D34-32C3-4E3B-A293-7755F887802A} = {D9710FD0-BD23-4532-982A-95A22361CD3F}
		{9221A674-AA21-499D-A94B-A084A114A1B2} = {B07076AE-4098-4049-910E-CE1BA371F3AD}
		{EB53548B-2937-400C-9C7D-99C8D3FA9E0A} = {9221A674-AA21-499D-A94B-A084A114A1B2}
		{D91BEA3D-821E-4E43-8C41-043A6C08CA45} = {B07076AE-4098-4049-910E-CE1BA371F3AD}
		{8F458157-DE89-4AE3-BEEF-DBEAD4E56C45} = {D91BEA3D-821E-4E43-8C41-043A6C08CA45}
		{27FF31B0-062D-462B-82D8-EF260028619B} = {B07076AE-4098-4049-910E-CE1BA371F3AD}
		{CCD2C0D7-2BE5-4055-92BA-92B1E2483233} = {27FF31B0-062D-462B-82D8-EF260028619B}
		{5AC723C3-6FA8-4231-8BF2-D0C1FCD2E953} = {27FF31B0-062D-462B-82D8-EF260028619B}
		{1E9156E2-6913-43CD-A49F-077CA7E49958} = {27FF31B0-062D-462B-82D8-EF260028619B}
		{9C1C2B88-3820-4F77-AE42-0CC637BBA638} = {27FF31B0-062D-462B-82D8-EF260028619B}
		{42B62458-3F32-47A1-9613-8CBA58E97133} = {27FF31B0-062D-462B-82D8-EF260028619B}
		{84BF3BE1-4DEA-46EA-9034-416E2516B025} = {B07076AE-4098-4049-910E-CE1BA371F3AD}
		{0D36A5A6-9A8F-4ED5-8D0D-3A094FD98F95} = {84BF3BE1-4DEA-46EA-9034-416E2516B025}
		{E495A01D-8A8C-4E59-A83E-CF6D3FEE262B} = {ACE48E38-7B09-4521-9822-A3464131D4CB}
	EndGlobalSection
	GlobalSection(ExtensibilityGlobals) = postSolution
		SolutionGuid = {7228B1B9-50D8-4DB7-A6E2-6F31CD646CDB}
	EndGlobalSection
EndGlobal
